
Microsoft Visual Studio Solution File, Format Version 12.00
# Visual Studio Version 17
VisualStudioVersion = 17.2.32526.322
MinimumVisualStudioVersion = 10.0.40219.1
Project("{FAE04EC0-301F-11D3-BF4B-00C04F79EFBC}") = "Tilaks Portfolio", "Tilaks Portfolio.csproj", "{7793459F-B41F-43B4-9B49-EF29A5CECA16}"
EndProject
Global
	GlobalSection(SolutionConfigurationPlatforms) = preSolution
		Debug|Any CPU = Debug|Any CPU
		Release|Any CPU = Release|Any CPU
	EndGlobalSection
	GlobalSection(ProjectConfigurationPlatforms) = postSolution
		{7793459F-B41F-43B4-9B49-EF29A5CECA16}.Debug|Any CPU.ActiveCfg = Debug|Any CPU
		{7793459F-B41F-43B4-9B49-EF29A5CECA16}.Debug|Any CPU.Build.0 = Debug|Any CPU
		{7793459F-B41F-43B4-9B49-EF29A5CECA16}.Release|Any CPU.ActiveCfg = Release|Any CPU
		{7793459F-B41F-43B4-9B49-EF29A5CECA16}.Release|Any CPU.Build.0 = Release|Any CPU
	EndGlobalSection
	GlobalSection(SolutionProperties) = preSolution
		HideSolutionNode = FALSE
	EndGlobalSection
	GlobalSection(ExtensibilityGlobals) = postSolution
		SolutionGuid = {A2E3AF91-47B6-48D4-BA97-6A19B68156B6}
	EndGlobalSection
EndGlobal
