
Microsoft Visual Studio Solution File, Format Version 12.00
# Visual Studio Version 17
VisualStudioVersion = 17.5.33516.290
MinimumVisualStudioVersion = 10.0.40219.1
Project("{FAE04EC0-301F-11D3-BF4B-00C04F79EFBC}") = "DOT_NET_TILAK", "DOT_NET_TILAK\DOT_NET_TILAK.csproj", "{19DEAAC5-EC18-43AE-B9A2-352C0E2753CE}"
EndProject
Global
	GlobalSection(SolutionConfigurationPlatforms) = preSolution
		Debug|Any CPU = Debug|Any CPU
		Release|Any CPU = Release|Any CPU
	EndGlobalSection
	GlobalSection(ProjectConfigurationPlatforms) = postSolution
		{19DEAAC5-EC18-43AE-B9A2-352C0E2753CE}.Debug|Any CPU.ActiveCfg = Debug|Any CPU
		{19DEAAC5-EC18-43AE-B9A2-352C0E2753CE}.Debug|Any CPU.Build.0 = Debug|Any CPU
		{19DEAAC5-EC18-43AE-B9A2-352C0E2753CE}.Release|Any CPU.ActiveCfg = Release|Any CPU
		{19DEAAC5-EC18-43AE-B9A2-352C0E2753CE}.Release|Any CPU.Build.0 = Release|Any CPU
	EndGlobalSection
	GlobalSection(SolutionProperties) = preSolution
		HideSolutionNode = FALSE
	EndGlobalSection
	GlobalSection(ExtensibilityGlobals) = postSolution
		SolutionGuid = {AA705636-5BA8-4792-A901-9F533378477B}
	EndGlobalSection
EndGlobal
